
Microsoft Visual Studio Solution File, Format Version 12.00
# Visual Studio Version 16
VisualStudioVersion = 16.0.32228.343
MinimumVisualStudioVersion = 10.0.40219.1
Project("{FAE04EC0-301F-11D3-BF4B-00C04F79EFBC}") = "WebApplication1", "WebApplication1\WebApplication1.csproj", "{BCB7CF70-AD1D-4FCE-B6B1-D1E245DC3A7D}"
EndProject
Global
	GlobalSection(SolutionConfigurationPlatforms) = preSolution
		Debug|Any CPU = Debug|Any CPU
		Release|Any CPU = Release|Any CPU
	EndGlobalSection
	GlobalSection(ProjectConfigurationPlatforms) = postSolution
		{BCB7CF70-AD1D-4FCE-B6B1-D1E245DC3A7D}.Debug|Any CPU.ActiveCfg = Debug|Any CPU
		{BCB7CF70-AD1D-4FCE-B6B1-D1E245DC3A7D}.Debug|Any CPU.Build.0 = Debug|Any CPU
		{BCB7CF70-AD1D-4FCE-B6B1-D1E245DC3A7D}.Release|Any CPU.ActiveCfg = Release|Any CPU
		{BCB7CF70-AD1D-4FCE-B6B1-D1E245DC3A7D}.Release|Any CPU.Build.0 = Release|Any CPU
	EndGlobalSection
	GlobalSection(SolutionProperties) = preSolution
		HideSolutionNode = FALSE
	EndGlobalSection
	GlobalSection(ExtensibilityGlobals) = postSolution
		SolutionGuid = {CD775276-B5C0-4796-A060-45FBA9D6F817}
	EndGlobalSection
EndGlobal
